# THIS IS AN AUTOGENERATED FILE. DO NOT EDIT THIS FILE DIRECTLY.
# yarn lockfile v1


react-resizable-layout@^0.2.4:
  version "0.2.4"
  resolved "https://registry.yarnpkg.com/react-resizable-layout/-/react-resizable-layout-0.2.4.tgz#7e3834c41cda62006229b0412f481e55ab0b89ba"
  integrity sha512-k+SJMeAebxALKoNs+CiJFj5Z1YNyHXdALs8ZNF7zrsxwuR5JAIpg9xFmHPAuMECnl/axl9PKgfdHs9J2IC+jtQ==
